
Microsoft Visual Studio Solution File, Format Version 12.00
# Visual Studio Version 17
VisualStudioVersion = 17.9.34607.119
MinimumVisualStudioVersion = 10.0.40219.1
Project("{9A19103F-16F7-4668-BE54-9A1E7A4F7556}") = "TradingCmpn_App", "TradingCmpn_App\TradingCmpn_App.csproj", "{557E055F-F600-4F8D-807B-C3F59C6B7EB1}"
EndProject
Project("{9A19103F-16F7-4668-BE54-9A1E7A4F7556}") = "DAL", "DAL\DAL.csproj", "{CC9D2E93-E1E0-478D-A7F1-C337B563420C}"
EndProject
Project("{9A19103F-16F7-4668-BE54-9A1E7A4F7556}") = "DTO", "DTO\DTO.csproj", "{B2A95F5E-9BDD-4484-A247-63EFB119D698}"
EndProject
Project("{9A19103F-16F7-4668-BE54-9A1E7A4F7556}") = "TradingCmpn_Tests", "TradingCmpn_Tests\TradingCmpn_Tests.csproj", "{9D57F562-6B1A-4B7D-BE4F-E79C699FC4D7}"
EndProject
Project("{9A19103F-16F7-4668-BE54-9A1E7A4F7556}") = "BusinessLogic", "BusinessLogic\BusinessLogic.csproj", "{3C5BBAC4-C720-40BF-97E5-51CC7B759353}"
EndProject
Project("{9A19103F-16F7-4668-BE54-9A1E7A4F7556}") = "BussinessLogic_Tests", "BussinessLogic_Tests\BussinessLogic_Tests.csproj", "{473A5E65-991A-40D2-BF67-36B4ECB34D48}"
EndProject
Project("{9A19103F-16F7-4668-BE54-9A1E7A4F7556}") = "TradingCompany_WPF", "TradingCompany_WPF\TradingCompany_WPF.csproj", "{32C54EDB-1A1B-479B-9730-D747E973F913}"
EndProject
Project("{FAE04EC0-301F-11D3-BF4B-00C04F79EFBC}") = "TradingCmpn_WEB", "TradingCmpn_WEB\TradingCmpn_WEB.csproj", "{028D1077-824F-4784-84CB-A7E4B262EB41}"
EndProject
Project("{FAE04EC0-301F-11D3-BF4B-00C04F79EFBC}") = "TradingCmpnWeb_Tests", "TradingCmpnWeb_Tests\TradingCmpnWeb_Tests.csproj", "{83C3750A-2795-4908-876F-99EE0BD2B958}"
EndProject
Global
	GlobalSection(SolutionConfigurationPlatforms) = preSolution
		Debug|Any CPU = Debug|Any CPU
		Release|Any CPU = Release|Any CPU
	EndGlobalSection
	GlobalSection(ProjectConfigurationPlatforms) = postSolution
		{557E055F-F600-4F8D-807B-C3F59C6B7EB1}.Debug|Any CPU.ActiveCfg = Debug|Any CPU
		{557E055F-F600-4F8D-807B-C3F59C6B7EB1}.Debug|Any CPU.Build.0 = Debug|Any CPU
		{557E055F-F600-4F8D-807B-C3F59C6B7EB1}.Release|Any CPU.ActiveCfg = Release|Any CPU
		{557E055F-F600-4F8D-807B-C3F59C6B7EB1}.Release|Any CPU.Build.0 = Release|Any CPU
		{CC9D2E93-E1E0-478D-A7F1-C337B563420C}.Debug|Any CPU.ActiveCfg = Debug|Any CPU
		{CC9D2E93-E1E0-478D-A7F1-C337B563420C}.Debug|Any CPU.Build.0 = Debug|Any CPU
		{CC9D2E93-E1E0-478D-A7F1-C337B563420C}.Release|Any CPU.ActiveCfg = Release|Any CPU
		{CC9D2E93-E1E0-478D-A7F1-C337B563420C}.Release|Any CPU.Build.0 = Release|Any CPU
		{B2A95F5E-9BDD-4484-A247-63EFB119D698}.Debug|Any CPU.ActiveCfg = Debug|Any CPU
		{B2A95F5E-9BDD-4484-A247-63EFB119D698}.Debug|Any CPU.Build.0 = Debug|Any CPU
		{B2A95F5E-9BDD-4484-A247-63EFB119D698}.Release|Any CPU.ActiveCfg = Release|Any CPU
		{B2A95F5E-9BDD-4484-A247-63EFB119D698}.Release|Any CPU.Build.0 = Release|Any CPU
		{9D57F562-6B1A-4B7D-BE4F-E79C699FC4D7}.Debug|Any CPU.ActiveCfg = Debug|Any CPU
		{9D57F562-6B1A-4B7D-BE4F-E79C699FC4D7}.Debug|Any CPU.Build.0 = Debug|Any CPU
		{9D57F562-6B1A-4B7D-BE4F-E79C699FC4D7}.Release|Any CPU.ActiveCfg = Release|Any CPU
		{9D57F562-6B1A-4B7D-BE4F-E79C699FC4D7}.Release|Any CPU.Build.0 = Release|Any CPU
		{3C5BBAC4-C720-40BF-97E5-51CC7B759353}.Debug|Any CPU.ActiveCfg = Debug|Any CPU
		{3C5BBAC4-C720-40BF-97E5-51CC7B759353}.Debug|Any CPU.Build.0 = Debug|Any CPU
		{3C5BBAC4-C720-40BF-97E5-51CC7B759353}.Release|Any CPU.ActiveCfg = Release|Any CPU
		{3C5BBAC4-C720-40BF-97E5-51CC7B759353}.Release|Any CPU.Build.0 = Release|Any CPU
		{473A5E65-991A-40D2-BF67-36B4ECB34D48}.Debug|Any CPU.ActiveCfg = Debug|Any CPU
		{473A5E65-991A-40D2-BF67-36B4ECB34D48}.Debug|Any CPU.Build.0 = Debug|Any CPU
		{473A5E65-991A-40D2-BF67-36B4ECB34D48}.Release|Any CPU.ActiveCfg = Release|Any CPU
		{473A5E65-991A-40D2-BF67-36B4ECB34D48}.Release|Any CPU.Build.0 = Release|Any CPU
		{32C54EDB-1A1B-479B-9730-D747E973F913}.Debug|Any CPU.ActiveCfg = Debug|Any CPU
		{32C54EDB-1A1B-479B-9730-D747E973F913}.Debug|Any CPU.Build.0 = Debug|Any CPU
		{32C54EDB-1A1B-479B-9730-D747E973F913}.Release|Any CPU.ActiveCfg = Release|Any CPU
		{32C54EDB-1A1B-479B-9730-D747E973F913}.Release|Any CPU.Build.0 = Release|Any CPU
		{028D1077-824F-4784-84CB-A7E4B262EB41}.Debug|Any CPU.ActiveCfg = Debug|Any CPU
		{028D1077-824F-4784-84CB-A7E4B262EB41}.Debug|Any CPU.Build.0 = Debug|Any CPU
		{028D1077-824F-4784-84CB-A7E4B262EB41}.Release|Any CPU.ActiveCfg = Release|Any CPU
		{028D1077-824F-4784-84CB-A7E4B262EB41}.Release|Any CPU.Build.0 = Release|Any CPU
		{83C3750A-2795-4908-876F-99EE0BD2B958}.Debug|Any CPU.ActiveCfg = Debug|Any CPU
		{83C3750A-2795-4908-876F-99EE0BD2B958}.Debug|Any CPU.Build.0 = Debug|Any CPU
		{83C3750A-2795-4908-876F-99EE0BD2B958}.Release|Any CPU.ActiveCfg = Release|Any CPU
		{83C3750A-2795-4908-876F-99EE0BD2B958}.Release|Any CPU.Build.0 = Release|Any CPU
	EndGlobalSection
	GlobalSection(SolutionProperties) = preSolution
		HideSolutionNode = FALSE
	EndGlobalSection
	GlobalSection(ExtensibilityGlobals) = postSolution
		SolutionGuid = {0DAE0479-529A-4AF8-AF2B-E0C5846F5046}
	EndGlobalSection
EndGlobal
